// !$*UTF8*$!
{
	archiveVersion = 1;
	classes = {
	};
	objectVersion = 46;
	objects = {

/* Begin PBXBuildFile section */
		E2268019196176F600B08694 /* Wyrd.h in Headers */ = {isa = PBXBuildFile; fileRef = E2268018196176F600B08694 /* Wyrd.h */; settings = {ATTRIBUTES = (Public, ); }; };
		E226801F196176F600B08694 /* Wyrd.framework in Frameworks */ = {isa = PBXBuildFile; fileRef = E2268013196176F600B08694 /* Wyrd.framework */; };
		E2268026196176F600B08694 /* WyrdTests.swift in Sources */ = {isa = PBXBuildFile; fileRef = E2268025196176F600B08694 /* WyrdTests.swift */; };
		E22680301961770900B08694 /* Wyrd.swift in Sources */ = {isa = PBXBuildFile; fileRef = E226802F1961770900B08694 /* Wyrd.swift */; };
		E226803A19619A9A00B08694 /* AppDelegate.swift in Sources */ = {isa = PBXBuildFile; fileRef = E226803919619A9A00B08694 /* AppDelegate.swift */; };
		E226803C19619A9A00B08694 /* ViewController.swift in Sources */ = {isa = PBXBuildFile; fileRef = E226803B19619A9A00B08694 /* ViewController.swift */; };
		E226803F19619A9A00B08694 /* Main.storyboard in Resources */ = {isa = PBXBuildFile; fileRef = E226803D19619A9A00B08694 /* Main.storyboard */; };
		E226804119619A9A00B08694 /* Images.xcassets in Resources */ = {isa = PBXBuildFile; fileRef = E226804019619A9A00B08694 /* Images.xcassets */; };
		E226804D19619A9B00B08694 /* WyrdDemoTests.swift in Sources */ = {isa = PBXBuildFile; fileRef = E226804C19619A9B00B08694 /* WyrdDemoTests.swift */; };
		E226805419619AB000B08694 /* Wyrd.framework in Frameworks */ = {isa = PBXBuildFile; fileRef = E2268013196176F600B08694 /* Wyrd.framework */; };
		E22680561961A62C00B08694 /* README.md in Sources */ = {isa = PBXBuildFile; fileRef = E22680551961A62C00B08694 /* README.md */; };
/* End PBXBuildFile section */

/* Begin PBXContainerItemProxy section */
		E2268020196176F600B08694 /* PBXContainerItemProxy */ = {
			isa = PBXContainerItemProxy;
			containerPortal = E226800A196176F600B08694 /* Project object */;
			proxyType = 1;
			remoteGlobalIDString = E2268012196176F600B08694;
			remoteInfo = Wyrd;
		};
		E226804719619A9B00B08694 /* PBXContainerItemProxy */ = {
			isa = PBXContainerItemProxy;
			containerPortal = E226800A196176F600B08694 /* Project object */;
			proxyType = 1;
			remoteGlobalIDString = E226803419619A9A00B08694;
			remoteInfo = WyrdDemo;
		};
/* End PBXContainerItemProxy section */

/* Begin PBXFileReference section */
		E2268013196176F600B08694 /* Wyrd.framework */ = {isa = PBXFileReference; explicitFileType = wrapper.framework; includeInIndex = 0; path = Wyrd.framework; sourceTree = BUILT_PRODUCTS_DIR; };
		E2268017196176F600B08694 /* Info.plist */ = {isa = PBXFileReference; lastKnownFileType = text.plist.xml; path = Info.plist; sourceTree = "<group>"; };
		E2268018196176F600B08694 /* Wyrd.h */ = {isa = PBXFileReference; lastKnownFileType = sourcecode.c.h; path = Wyrd.h; sourceTree = "<group>"; };
		E226801E196176F600B08694 /* WyrdTests.xctest */ = {isa = PBXFileReference; explicitFileType = wrapper.cfbundle; includeInIndex = 0; path = WyrdTests.xctest; sourceTree = BUILT_PRODUCTS_DIR; };
		E2268024196176F600B08694 /* Info.plist */ = {isa = PBXFileReference; lastKnownFileType = text.plist.xml; path = Info.plist; sourceTree = "<group>"; };
		E2268025196176F600B08694 /* WyrdTests.swift */ = {isa = PBXFileReference; lastKnownFileType = sourcecode.swift; path = WyrdTests.swift; sourceTree = "<group>"; };
		E226802F1961770900B08694 /* Wyrd.swift */ = {isa = PBXFileReference; fileEncoding = 4; lastKnownFileType = sourcecode.swift; path = Wyrd.swift; sourceTree = SOURCE_ROOT; };
		E226803519619A9A00B08694 /* WyrdDemo.app */ = {isa = PBXFileReference; explicitFileType = wrapper.application; includeInIndex = 0; path = WyrdDemo.app; sourceTree = BUILT_PRODUCTS_DIR; };
		E226803819619A9A00B08694 /* Info.plist */ = {isa = PBXFileReference; lastKnownFileType = text.plist.xml; path = Info.plist; sourceTree = "<group>"; };
		E226803919619A9A00B08694 /* AppDelegate.swift */ = {isa = PBXFileReference; lastKnownFileType = sourcecode.swift; path = AppDelegate.swift; sourceTree = "<group>"; };
		E226803B19619A9A00B08694 /* ViewController.swift */ = {isa = PBXFileReference; lastKnownFileType = sourcecode.swift; path = ViewController.swift; sourceTree = "<group>"; };
		E226803E19619A9A00B08694 /* Base */ = {isa = PBXFileReference; lastKnownFileType = file.storyboard; name = Base; path = Base.lproj/Main.storyboard; sourceTree = "<group>"; };
		E226804019619A9A00B08694 /* Images.xcassets */ = {isa = PBXFileReference; lastKnownFileType = folder.assetcatalog; path = Images.xcassets; sourceTree = "<group>"; };
		E226804619619A9B00B08694 /* WyrdDemoTests.xctest */ = {isa = PBXFileReference; explicitFileType = wrapper.cfbundle; includeInIndex = 0; path = WyrdDemoTests.xctest; sourceTree = BUILT_PRODUCTS_DIR; };
		E226804B19619A9B00B08694 /* Info.plist */ = {isa = PBXFileReference; lastKnownFileType = text.plist.xml; path = Info.plist; sourceTree = "<group>"; };
		E226804C19619A9B00B08694 /* WyrdDemoTests.swift */ = {isa = PBXFileReference; lastKnownFileType = sourcecode.swift; path = WyrdDemoTests.swift; sourceTree = "<group>"; };
		E22680551961A62C00B08694 /* README.md */ = {isa = PBXFileReference; fileEncoding = 4; lastKnownFileType = net.daringfireball.markdown; path = README.md; sourceTree = "<group>"; };
/* End PBXFileReference section */

/* Begin PBXFrameworksBuildPhase section */
		E226800F196176F600B08694 /* Frameworks */ = {
			isa = PBXFrameworksBuildPhase;
			buildActionMask = 2147483647;
			files = (
			);
			runOnlyForDeploymentPostprocessing = 0;
		};
		E226801B196176F600B08694 /* Frameworks */ = {
			isa = PBXFrameworksBuildPhase;
			buildActionMask = 2147483647;
			files = (
				E226801F196176F600B08694 /* Wyrd.framework in Frameworks */,
			);
			runOnlyForDeploymentPostprocessing = 0;
		};
		E226803219619A9A00B08694 /* Frameworks */ = {
			isa = PBXFrameworksBuildPhase;
			buildActionMask = 2147483647;
			files = (
				E226805419619AB000B08694 /* Wyrd.framework in Frameworks */,
			);
			runOnlyForDeploymentPostprocessing = 0;
		};
		E226804319619A9B00B08694 /* Frameworks */ = {
			isa = PBXFrameworksBuildPhase;
			buildActionMask = 2147483647;
			files = (
			);
			runOnlyForDeploymentPostprocessing = 0;
		};
/* End PBXFrameworksBuildPhase section */

/* Begin PBXGroup section */
		E2268009196176F600B08694 = {
			isa = PBXGroup;
			children = (
				E22680551961A62C00B08694 /* README.md */,
				E2268015196176F600B08694 /* Wyrd */,
				E2268022196176F600B08694 /* WyrdTests */,
				E226803619619A9A00B08694 /* WyrdDemo */,
				E226804919619A9B00B08694 /* WyrdDemoTests */,
				E2268014196176F600B08694 /* Products */,
			);
			sourceTree = "<group>";
		};
		E2268014196176F600B08694 /* Products */ = {
			isa = PBXGroup;
			children = (
				E2268013196176F600B08694 /* Wyrd.framework */,
				E226801E196176F600B08694 /* WyrdTests.xctest */,
				E226803519619A9A00B08694 /* WyrdDemo.app */,
				E226804619619A9B00B08694 /* WyrdDemoTests.xctest */,
			);
			name = Products;
			sourceTree = "<group>";
		};
		E2268015196176F600B08694 /* Wyrd */ = {
			isa = PBXGroup;
			children = (
				E2268018196176F600B08694 /* Wyrd.h */,
				E226802F1961770900B08694 /* Wyrd.swift */,
				E2268016196176F600B08694 /* Supporting Files */,
			);
			path = Wyrd;
			sourceTree = "<group>";
		};
		E2268016196176F600B08694 /* Supporting Files */ = {
			isa = PBXGroup;
			children = (
				E2268017196176F600B08694 /* Info.plist */,
			);
			name = "Supporting Files";
			sourceTree = "<group>";
		};
		E2268022196176F600B08694 /* WyrdTests */ = {
			isa = PBXGroup;
			children = (
				E2268025196176F600B08694 /* WyrdTests.swift */,
				E2268023196176F600B08694 /* Supporting Files */,
			);
			path = WyrdTests;
			sourceTree = "<group>";
		};
		E2268023196176F600B08694 /* Supporting Files */ = {
			isa = PBXGroup;
			children = (
				E2268024196176F600B08694 /* Info.plist */,
			);
			name = "Supporting Files";
			sourceTree = "<group>";
		};
		E226803619619A9A00B08694 /* WyrdDemo */ = {
			isa = PBXGroup;
			children = (
				E226803919619A9A00B08694 /* AppDelegate.swift */,
				E226803B19619A9A00B08694 /* ViewController.swift */,
				E226803D19619A9A00B08694 /* Main.storyboard */,
				E226804019619A9A00B08694 /* Images.xcassets */,
				E226803719619A9A00B08694 /* Supporting Files */,
			);
			path = WyrdDemo;
			sourceTree = "<group>";
		};
		E226803719619A9A00B08694 /* Supporting Files */ = {
			isa = PBXGroup;
			children = (
				E226803819619A9A00B08694 /* Info.plist */,
			);
			name = "Supporting Files";
			sourceTree = "<group>";
		};
		E226804919619A9B00B08694 /* WyrdDemoTests */ = {
			isa = PBXGroup;
			children = (
				E226804C19619A9B00B08694 /* WyrdDemoTests.swift */,
				E226804A19619A9B00B08694 /* Supporting Files */,
			);
			path = WyrdDemoTests;
			sourceTree = "<group>";
		};
		E226804A19619A9B00B08694 /* Supporting Files */ = {
			isa = PBXGroup;
			children = (
				E226804B19619A9B00B08694 /* Info.plist */,
			);
			name = "Supporting Files";
			sourceTree = "<group>";
		};
/* End PBXGroup section */

/* Begin PBXHeadersBuildPhase section */
		E2268010196176F600B08694 /* Headers */ = {
			isa = PBXHeadersBuildPhase;
			buildActionMask = 2147483647;
			files = (
				E2268019196176F600B08694 /* Wyrd.h in Headers */,
			);
			runOnlyForDeploymentPostprocessing = 0;
		};
/* End PBXHeadersBuildPhase section */

/* Begin PBXNativeTarget section */
		E2268012196176F600B08694 /* Wyrd */ = {
			isa = PBXNativeTarget;
			buildConfigurationList = E2268029196176F600B08694 /* Build configuration list for PBXNativeTarget "Wyrd" */;
			buildPhases = (
				E226800E196176F600B08694 /* Sources */,
				E226800F196176F600B08694 /* Frameworks */,
				E2268010196176F600B08694 /* Headers */,
				E2268011196176F600B08694 /* Resources */,
			);
			buildRules = (
			);
			dependencies = (
			);
			name = Wyrd;
			productName = Wyrd;
			productReference = E2268013196176F600B08694 /* Wyrd.framework */;
			productType = "com.apple.product-type.framework";
		};
		E226801D196176F600B08694 /* WyrdTests */ = {
			isa = PBXNativeTarget;
			buildConfigurationList = E226802C196176F600B08694 /* Build configuration list for PBXNativeTarget "WyrdTests" */;
			buildPhases = (
				E226801A196176F600B08694 /* Sources */,
				E226801B196176F600B08694 /* Frameworks */,
				E226801C196176F600B08694 /* Resources */,
			);
			buildRules = (
			);
			dependencies = (
				E2268021196176F600B08694 /* PBXTargetDependency */,
			);
			name = WyrdTests;
			productName = WyrdTests;
			productReference = E226801E196176F600B08694 /* WyrdTests.xctest */;
			productType = "com.apple.product-type.bundle.unit-test";
		};
		E226803419619A9A00B08694 /* WyrdDemo */ = {
			isa = PBXNativeTarget;
			buildConfigurationList = E226804E19619A9B00B08694 /* Build configuration list for PBXNativeTarget "WyrdDemo" */;
			buildPhases = (
				E226803119619A9A00B08694 /* Sources */,
				E226803219619A9A00B08694 /* Frameworks */,
				E226803319619A9A00B08694 /* Resources */,
			);
			buildRules = (
			);
			dependencies = (
			);
			name = WyrdDemo;
			productName = WyrdDemo;
			productReference = E226803519619A9A00B08694 /* WyrdDemo.app */;
			productType = "com.apple.product-type.application";
		};
		E226804519619A9B00B08694 /* WyrdDemoTests */ = {
			isa = PBXNativeTarget;
			buildConfigurationList = E226805119619A9B00B08694 /* Build configuration list for PBXNativeTarget "WyrdDemoTests" */;
			buildPhases = (
				E226804219619A9B00B08694 /* Sources */,
				E226804319619A9B00B08694 /* Frameworks */,
				E226804419619A9B00B08694 /* Resources */,
			);
			buildRules = (
			);
			dependencies = (
				E226804819619A9B00B08694 /* PBXTargetDependency */,
			);
			name = WyrdDemoTests;
			productName = WyrdDemoTests;
			productReference = E226804619619A9B00B08694 /* WyrdDemoTests.xctest */;
			productType = "com.apple.product-type.bundle.unit-test";
		};
/* End PBXNativeTarget section */

/* Begin PBXProject section */
		E226800A196176F600B08694 /* Project object */ = {
			isa = PBXProject;
			attributes = {
				LastUpgradeCheck = 0600;
				ORGANIZATIONNAME = "Max Desyatov";
				TargetAttributes = {
					E2268012196176F600B08694 = {
						CreatedOnToolsVersion = 6.0;
					};
					E226801D196176F600B08694 = {
						CreatedOnToolsVersion = 6.0;
						TestTargetID = E2268012196176F600B08694;
					};
					E226803419619A9A00B08694 = {
						CreatedOnToolsVersion = 6.0;
					};
					E226804519619A9B00B08694 = {
						CreatedOnToolsVersion = 6.0;
						TestTargetID = E226803419619A9A00B08694;
					};
				};
			};
			buildConfigurationList = E226800D196176F600B08694 /* Build configuration list for PBXProject "Wyrd" */;
			compatibilityVersion = "Xcode 3.2";
			developmentRegion = English;
			hasScannedForEncodings = 0;
			knownRegions = (
				en,
				Base,
			);
			mainGroup = E2268009196176F600B08694;
			productRefGroup = E2268014196176F600B08694 /* Products */;
			projectDirPath = "";
			projectRoot = "";
			targets = (
				E2268012196176F600B08694 /* Wyrd */,
				E226801D196176F600B08694 /* WyrdTests */,
				E226803419619A9A00B08694 /* WyrdDemo */,
				E226804519619A9B00B08694 /* WyrdDemoTests */,
			);
		};
/* End PBXProject section */

/* Begin PBXResourcesBuildPhase section */
		E2268011196176F600B08694 /* Resources */ = {
			isa = PBXResourcesBuildPhase;
			buildActionMask = 2147483647;
			files = (
			);
			runOnlyForDeploymentPostprocessing = 0;
		};
		E226801C196176F600B08694 /* Resources */ = {
			isa = PBXResourcesBuildPhase;
			buildActionMask = 2147483647;
			files = (
			);
			runOnlyForDeploymentPostprocessing = 0;
		};
		E226803319619A9A00B08694 /* Resources */ = {
			isa = PBXResourcesBuildPhase;
			buildActionMask = 2147483647;
			files = (
				E226803F19619A9A00B08694 /* Main.storyboard in Resources */,
				E226804119619A9A00B08694 /* Images.xcassets in Resources */,
			);
			runOnlyForDeploymentPostprocessing = 0;
		};
		E226804419619A9B00B08694 /* Resources */ = {
			isa = PBXResourcesBuildPhase;
			buildActionMask = 2147483647;
			files = (
			);
			runOnlyForDeploymentPostprocessing = 0;
		};
/* End PBXResourcesBuildPhase section */

/* Begin PBXSourcesBuildPhase section */
		E226800E196176F600B08694 /* Sources */ = {
			isa = PBXSourcesBuildPhase;
			buildActionMask = 2147483647;
			files = (
				E22680301961770900B08694 /* Wyrd.swift in Sources */,
			);
			runOnlyForDeploymentPostprocessing = 0;
		};
		E226801A196176F600B08694 /* Sources */ = {
			isa = PBXSourcesBuildPhase;
			buildActionMask = 2147483647;
			files = (
				E2268026196176F600B08694 /* WyrdTests.swift in Sources */,
			);
			runOnlyForDeploymentPostprocessing = 0;
		};
		E226803119619A9A00B08694 /* Sources */ = {
			isa = PBXSourcesBuildPhase;
			buildActionMask = 2147483647;
			files = (
				E22680561961A62C00B08694 /* README.md in Sources */,
				E226803C19619A9A00B08694 /* ViewController.swift in Sources */,
				E226803A19619A9A00B08694 /* AppDelegate.swift in Sources */,
			);
			runOnlyForDeploymentPostprocessing = 0;
		};
		E226804219619A9B00B08694 /* Sources */ = {
			isa = PBXSourcesBuildPhase;
			buildActionMask = 2147483647;
			files = (
				E226804D19619A9B00B08694 /* WyrdDemoTests.swift in Sources */,
			);
			runOnlyForDeploymentPostprocessing = 0;
		};
/* End PBXSourcesBuildPhase section */

/* Begin PBXTargetDependency section */
		E2268021196176F600B08694 /* PBXTargetDependency */ = {
			isa = PBXTargetDependency;
			target = E2268012196176F600B08694 /* Wyrd */;
			targetProxy = E2268020196176F600B08694 /* PBXContainerItemProxy */;
		};
		E226804819619A9B00B08694 /* PBXTargetDependency */ = {
			isa = PBXTargetDependency;
			target = E226803419619A9A00B08694 /* WyrdDemo */;
			targetProxy = E226804719619A9B00B08694 /* PBXContainerItemProxy */;
		};
/* End PBXTargetDependency section */

/* Begin PBXVariantGroup section */
		E226803D19619A9A00B08694 /* Main.storyboard */ = {
			isa = PBXVariantGroup;
			children = (
				E226803E19619A9A00B08694 /* Base */,
			);
			name = Main.storyboard;
			sourceTree = "<group>";
		};
/* End PBXVariantGroup section */

/* Begin XCBuildConfiguration section */
		E2268027196176F600B08694 /* Debug */ = {
			isa = XCBuildConfiguration;
			buildSettings = {
				ALWAYS_SEARCH_USER_PATHS = NO;
				CLANG_CXX_LANGUAGE_STANDARD = "gnu++0x";
				CLANG_CXX_LIBRARY = "libc++";
				CLANG_ENABLE_MODULES = YES;
				CLANG_ENABLE_OBJC_ARC = YES;
				CLANG_WARN_BOOL_CONVERSION = YES;
				CLANG_WARN_CONSTANT_CONVERSION = YES;
				CLANG_WARN_DIRECT_OBJC_ISA_USAGE = YES_ERROR;
				CLANG_WARN_EMPTY_BODY = YES;
				CLANG_WARN_ENUM_CONVERSION = YES;
				CLANG_WARN_INT_CONVERSION = YES;
				CLANG_WARN_OBJC_ROOT_CLASS = YES_ERROR;
				CLANG_WARN_UNREACHABLE_CODE = YES;
				CLANG_WARN__DUPLICATE_METHOD_MATCH = YES;
				"CODE_SIGN_IDENTITY[sdk=iphoneos*]" = "iPhone Developer";
				COPY_PHASE_STRIP = NO;
				CURRENT_PROJECT_VERSION = 1;
				ENABLE_STRICT_OBJC_MSGSEND = YES;
				GCC_C_LANGUAGE_STANDARD = gnu99;
				GCC_DYNAMIC_NO_PIC = NO;
				GCC_OPTIMIZATION_LEVEL = 0;
				GCC_PREPROCESSOR_DEFINITIONS = (
					"DEBUG=1",
					"$(inherited)",
				);
				GCC_SYMBOLS_PRIVATE_EXTERN = NO;
				GCC_WARN_64_TO_32_BIT_CONVERSION = YES;
				GCC_WARN_ABOUT_RETURN_TYPE = YES_ERROR;
				GCC_WARN_UNDECLARED_SELECTOR = YES;
				GCC_WARN_UNINITIALIZED_AUTOS = YES_AGGRESSIVE;
				GCC_WARN_UNUSED_FUNCTION = YES;
				GCC_WARN_UNUSED_VARIABLE = YES;
				IPHONEOS_DEPLOYMENT_TARGET = 8.0;
				METAL_ENABLE_DEBUG_INFO = YES;
				ONLY_ACTIVE_ARCH = YES;
				SDKROOT = iphoneos;
				SWIFT_OPTIMIZATION_LEVEL = "-Onone";
				TARGETED_DEVICE_FAMILY = "1,2";
				VERSIONING_SYSTEM = "apple-generic";
				VERSION_INFO_PREFIX = "";
			};
			name = Debug;
		};
		E2268028196176F600B08694 /* Release */ = {
			isa = XCBuildConfiguration;
			buildSettings = {
				ALWAYS_SEARCH_USER_PATHS = NO;
				CLANG_CXX_LANGUAGE_STANDARD = "gnu++0x";
				CLANG_CXX_LIBRARY = "libc++";
				CLANG_ENABLE_MODULES = YES;
				CLANG_ENABLE_OBJC_ARC = YES;
				CLANG_WARN_BOOL_CONVERSION = YES;
				CLANG_WARN_CONSTANT_CONVERSION = YES;
				CLANG_WARN_DIRECT_OBJC_ISA_USAGE = YES_ERROR;
				CLANG_WARN_EMPTY_BODY = YES;
				CLANG_WARN_ENUM_CONVERSION = YES;
				CLANG_WARN_INT_CONVERSION = YES;
				CLANG_WARN_OBJC_ROOT_CLASS = YES_ERROR;
				CLANG_WARN_UNREACHABLE_CODE = YES;
				CLANG_WARN__DUPLICATE_METHOD_MATCH = YES;
				"CODE_SIGN_IDENTITY[sdk=iphoneos*]" = "iPhone Developer";
				COPY_PHASE_STRIP = YES;
				CURRENT_PROJECT_VERSION = 1;
				ENABLE_NS_ASSERTIONS = NO;
				ENABLE_STRICT_OBJC_MSGSEND = YES;
				GCC_C_LANGUAGE_STANDARD = gnu99;
				GCC_WARN_64_TO_32_BIT_CONVERSION = YES;
				GCC_WARN_ABOUT_RETURN_TYPE = YES_ERROR;
				GCC_WARN_UNDECLARED_SELECTOR = YES;
				GCC_WARN_UNINITIALIZED_AUTOS = YES_AGGRESSIVE;
				GCC_WARN_UNUSED_FUNCTION = YES;
				GCC_WARN_UNUSED_VARIABLE = YES;
				IPHONEOS_DEPLOYMENT_TARGET = 8.0;
				METAL_ENABLE_DEBUG_INFO = NO;
				SDKROOT = iphoneos;
				TARGETED_DEVICE_FAMILY = "1,2";
				VALIDATE_PRODUCT = YES;
				VERSIONING_SYSTEM = "apple-generic";
				VERSION_INFO_PREFIX = "";
			};
			name = Release;
		};
		E226802A196176F600B08694 /* Debug */ = {
			isa = XCBuildConfiguration;
			buildSettings = {
				CLANG_ENABLE_MODULES = YES;
				DEFINES_MODULE = YES;
				DYLIB_COMPATIBILITY_VERSION = 1;
				DYLIB_CURRENT_VERSION = 1;
				DYLIB_INSTALL_NAME_BASE = "@rpath";
				INFOPLIST_FILE = Wyrd/Info.plist;
				INSTALL_PATH = "$(LOCAL_LIBRARY_DIR)/Frameworks";
				LD_RUNPATH_SEARCH_PATHS = "$(inherited) @executable_path/Frameworks @loader_path/Frameworks";
				PRODUCT_NAME = "$(TARGET_NAME)";
				SKIP_INSTALL = YES;
				SWIFT_OPTIMIZATION_LEVEL = "-Onone";
			};
			name = Debug;
		};
		E226802B196176F600B08694 /* Release */ = {
			isa = XCBuildConfiguration;
			buildSettings = {
				CLANG_ENABLE_MODULES = YES;
				DEFINES_MODULE = YES;
				DYLIB_COMPATIBILITY_VERSION = 1;
				DYLIB_CURRENT_VERSION = 1;
				DYLIB_INSTALL_NAME_BASE = "@rpath";
				INFOPLIST_FILE = Wyrd/Info.plist;
				INSTALL_PATH = "$(LOCAL_LIBRARY_DIR)/Frameworks";
				LD_RUNPATH_SEARCH_PATHS = "$(inherited) @executable_path/Frameworks @loader_path/Frameworks";
				PRODUCT_NAME = "$(TARGET_NAME)";
				SKIP_INSTALL = YES;
			};
			name = Release;
		};
		E226802D196176F600B08694 /* Debug */ = {
			isa = XCBuildConfiguration;
			buildSettings = {
				FRAMEWORK_SEARCH_PATHS = (
					"$(SDKROOT)/Developer/Library/Frameworks",
					"$(inherited)",
				);
				GCC_PREPROCESSOR_DEFINITIONS = (
					"DEBUG=1",
					"$(inherited)",
				);
				INFOPLIST_FILE = WyrdTests/Info.plist;
				LD_RUNPATH_SEARCH_PATHS = "$(inherited) @executable_path/Frameworks @loader_path/Frameworks";
				METAL_ENABLE_DEBUG_INFO = YES;
				PRODUCT_NAME = "$(TARGET_NAME)";
			};
			name = Debug;
		};
		E226802E196176F600B08694 /* Release */ = {
			isa = XCBuildConfiguration;
			buildSettings = {
				FRAMEWORK_SEARCH_PATHS = (
					"$(SDKROOT)/Developer/Library/Frameworks",
					"$(inherited)",
				);
				INFOPLIST_FILE = WyrdTests/Info.plist;
				LD_RUNPATH_SEARCH_PATHS = "$(inherited) @executable_path/Frameworks @loader_path/Frameworks";
				METAL_ENABLE_DEBUG_INFO = NO;
				PRODUCT_NAME = "$(TARGET_NAME)";
			};
			name = Release;
		};
		E226804F19619A9B00B08694 /* Debug */ = {
			isa = XCBuildConfiguration;
			buildSettings = {
				ASSETCATALOG_COMPILER_APPICON_NAME = AppIcon;
				ASSETCATALOG_COMPILER_LAUNCHIMAGE_NAME = LaunchImage;
				GCC_PREPROCESSOR_DEFINITIONS = (
					"DEBUG=1",
					"$(inherited)",
				);
				INFOPLIST_FILE = WyrdDemo/Info.plist;
				LD_RUNPATH_SEARCH_PATHS = "$(inherited) @executable_path/Frameworks";
				METAL_ENABLE_DEBUG_INFO = YES;
				PRODUCT_NAME = "$(TARGET_NAME)";
			};
			name = Debug;
		};
		E226805019619A9B00B08694 /* Release */ = {
			isa = XCBuildConfiguration;
			buildSettings = {
				ASSETCATALOG_COMPILER_APPICON_NAME = AppIcon;
				ASSETCATALOG_COMPILER_LAUNCHIMAGE_NAME = LaunchImage;
				INFOPLIST_FILE = WyrdDemo/Info.plist;
				LD_RUNPATH_SEARCH_PATHS = "$(inherited) @executable_path/Frameworks";
				METAL_ENABLE_DEBUG_INFO = NO;
				PRODUCT_NAME = "$(TARGET_NAME)";
			};
			name = Release;
		};
		E226805219619A9B00B08694 /* Debug */ = {
			isa = XCBuildConfiguration;
			buildSettings = {
				BUNDLE_LOADER = "$(BUILT_PRODUCTS_DIR)/WyrdDemo.app/WyrdDemo";
				FRAMEWORK_SEARCH_PATHS = (
					"$(SDKROOT)/Developer/Library/Frameworks",
					"$(inherited)",
				);
				GCC_PREPROCESSOR_DEFINITIONS = (
					"DEBUG=1",
					"$(inherited)",
				);
				INFOPLIST_FILE = WyrdDemoTests/Info.plist;
				LD_RUNPATH_SEARCH_PATHS = "$(inherited) @executable_path/Frameworks @loader_path/Frameworks";
				METAL_ENABLE_DEBUG_INFO = YES;
				PRODUCT_NAME = "$(TARGET_NAME)";
				TEST_HOST = "$(BUNDLE_LOADER)";
			};
			name = Debug;
		};
		E226805319619A9B00B08694 /* Release */ = {
			isa = XCBuildConfiguration;
			buildSettings = {
				BUNDLE_LOADER = "$(BUILT_PRODUCTS_DIR)/WyrdDemo.app/WyrdDemo";
				FRAMEWORK_SEARCH_PATHS = (
					"$(SDKROOT)/Developer/Library/Frameworks",
					"$(inherited)",
				);
				INFOPLIST_FILE = WyrdDemoTests/Info.plist;
				LD_RUNPATH_SEARCH_PATHS = "$(inherited) @executable_path/Frameworks @loader_path/Frameworks";
				METAL_ENABLE_DEBUG_INFO = NO;
				PRODUCT_NAME = "$(TARGET_NAME)";
				TEST_HOST = "$(BUNDLE_LOADER)";
			};
			name = Release;
		};
/* End XCBuildConfiguration section */

/* Begin XCConfigurationList section */
		E226800D196176F600B08694 /* Build configuration list for PBXProject "Wyrd" */ = {
			isa = XCConfigurationList;
			buildConfigurations = (
				E2268027196176F600B08694 /* Debug */,
				E2268028196176F600B08694 /* Release */,
			);
			defaultConfigurationIsVisible = 0;
			defaultConfigurationName = Release;
		};
		E2268029196176F600B08694 /* Build configuration list for PBXNativeTarget "Wyrd" */ = {
			isa = XCConfigurationList;
			buildConfigurations = (
				E226802A196176F600B08694 /* Debug */,
				E226802B196176F600B08694 /* Release */,
			);
			defaultConfigurationIsVisible = 0;
		};
		E226802C196176F600B08694 /* Build configuration list for PBXNativeTarget "WyrdTests" */ = {
			isa = XCConfigurationList;
			buildConfigurations = (
				E226802D196176F600B08694 /* Debug */,
				E226802E196176F600B08694 /* Release */,
			);
			defaultConfigurationIsVisible = 0;
		};
		E226804E19619A9B00B08694 /* Build configuration list for PBXNativeTarget "WyrdDemo" */ = {
			isa = XCConfigurationList;
			buildConfigurations = (
				E226804F19619A9B00B08694 /* Debug */,
				E226805019619A9B00B08694 /* Release */,
			);
			defaultConfigurationIsVisible = 0;
		};
		E226805119619A9B00B08694 /* Build configuration list for PBXNativeTarget "WyrdDemoTests" */ = {
			isa = XCConfigurationList;
			buildConfigurations = (
				E226805219619A9B00B08694 /* Debug */,
				E226805319619A9B00B08694 /* Release */,
			);
			defaultConfigurationIsVisible = 0;
		};
/* End XCConfigurationList section */
	};
	rootObject = E226800A196176F600B08694 /* Project object */;
}
